// !$*UTF8*$!
{
	archiveVersion = 1;
	classes = {
	};
	objectVersion = 50;
	objects = {

/* Begin PBXBuildFile section */
		F508090B246B1E5500F9B155 /* Images.xcassets in Resources */ = {isa = PBXBuildFile; fileRef = F508090A246B1E5500F9B155 /* Images.xcassets */; };
		F508090D246B714000F9B155 /* animalinfo.swift in Sources */ = {isa = PBXBuildFile; fileRef = F508090C246B714000F9B155 /* animalinfo.swift */; };
		F508090F246B727A00F9B155 /* Animals.xcassets in Resources */ = {isa = PBXBuildFile; fileRef = F508090E246B727A00F9B155 /* Animals.xcassets */; };
		F519C4822474A84200573A35 /* Hedgehog.mp3 in Resources */ = {isa = PBXBuildFile; fileRef = F519C47E2474A84200573A35 /* Hedgehog.mp3 */; };
		F519C4832474A84200573A35 /* Cat.mp3 in Resources */ = {isa = PBXBuildFile; fileRef = F519C47F2474A84200573A35 /* Cat.mp3 */; };
		F519C4842474A84200573A35 /* Dog.mp3 in Resources */ = {isa = PBXBuildFile; fileRef = F519C4802474A84200573A35 /* Dog.mp3 */; };
		F519C4852474A84200573A35 /* Rabbit.mp3 in Resources */ = {isa = PBXBuildFile; fileRef = F519C4812474A84200573A35 /* Rabbit.mp3 */; };
		F56A82FE2469CDBD0053495C /* AppDelegate.swift in Sources */ = {isa = PBXBuildFile; fileRef = F56A82FD2469CDBD0053495C /* AppDelegate.swift */; };
		F56A83002469CDBD0053495C /* SceneDelegate.swift in Sources */ = {isa = PBXBuildFile; fileRef = F56A82FF2469CDBD0053495C /* SceneDelegate.swift */; };
		F56A83052469CDBD0053495C /* Main.storyboard in Resources */ = {isa = PBXBuildFile; fileRef = F56A83032469CDBD0053495C /* Main.storyboard */; };
		F56A83072469CDC00053495C /* Assets.xcassets in Resources */ = {isa = PBXBuildFile; fileRef = F56A83062469CDC00053495C /* Assets.xcassets */; };
		F56A830A2469CDC00053495C /* LaunchScreen.storyboard in Resources */ = {isa = PBXBuildFile; fileRef = F56A83082469CDC00053495C /* LaunchScreen.storyboard */; };
		F56A831A2469CFD00053495C /* main.viewController.swift in Sources */ = {isa = PBXBuildFile; fileRef = F56A83192469CFD00053495C /* main.viewController.swift */; };
		F56A831C2469CFE80053495C /* game.viewController.swift in Sources */ = {isa = PBXBuildFile; fileRef = F56A831B2469CFE80053495C /* game.viewController.swift */; };
		F56A831E2469CFF50053495C /* maker.viewController.swift in Sources */ = {isa = PBXBuildFile; fileRef = F56A831D2469CFF50053495C /* maker.viewController.swift */; };
		F56A8320246A07DA0053495C /* touched.jpg in Resources */ = {isa = PBXBuildFile; fileRef = F56A831F246A07DA0053495C /* touched.jpg */; };
/* End PBXBuildFile section */

/* Begin PBXFileReference section */
		F508090A246B1E5500F9B155 /* Images.xcassets */ = {isa = PBXFileReference; lastKnownFileType = folder.assetcatalog; path = Images.xcassets; sourceTree = "<group>"; };
		F508090C246B714000F9B155 /* animalinfo.swift */ = {isa = PBXFileReference; lastKnownFileType = sourcecode.swift; path = animalinfo.swift; sourceTree = "<group>"; };
		F508090E246B727A00F9B155 /* Animals.xcassets */ = {isa = PBXFileReference; lastKnownFileType = folder.assetcatalog; path = Animals.xcassets; sourceTree = "<group>"; };
		F519C47E2474A84200573A35 /* Hedgehog.mp3 */ = {isa = PBXFileReference; lastKnownFileType = audio.mp3; path = Hedgehog.mp3; sourceTree = "<group>"; };
		F519C47F2474A84200573A35 /* Cat.mp3 */ = {isa = PBXFileReference; lastKnownFileType = audio.mp3; path = Cat.mp3; sourceTree = "<group>"; };
		F519C4802474A84200573A35 /* Dog.mp3 */ = {isa = PBXFileReference; lastKnownFileType = audio.mp3; path = Dog.mp3; sourceTree = "<group>"; };
		F519C4812474A84200573A35 /* Rabbit.mp3 */ = {isa = PBXFileReference; lastKnownFileType = audio.mp3; path = Rabbit.mp3; sourceTree = "<group>"; };
		F56A82FA2469CDBD0053495C /* What's This?.app */ = {isa = PBXFileReference; explicitFileType = wrapper.application; includeInIndex = 0; path = "What's This?.app"; sourceTree = BUILT_PRODUCTS_DIR; };
		F56A82FD2469CDBD0053495C /* AppDelegate.swift */ = {isa = PBXFileReference; lastKnownFileType = sourcecode.swift; path = AppDelegate.swift; sourceTree = "<group>"; };
		F56A82FF2469CDBD0053495C /* SceneDelegate.swift */ = {isa = PBXFileReference; lastKnownFileType = sourcecode.swift; path = SceneDelegate.swift; sourceTree = "<group>"; };
		F56A83042469CDBD0053495C /* Base */ = {isa = PBXFileReference; lastKnownFileType = file.storyboard; name = Base; path = Base.lproj/Main.storyboard; sourceTree = "<group>"; };
		F56A83062469CDC00053495C /* Assets.xcassets */ = {isa = PBXFileReference; lastKnownFileType = folder.assetcatalog; path = Assets.xcassets; sourceTree = "<group>"; };
		F56A83092469CDC00053495C /* Base */ = {isa = PBXFileReference; lastKnownFileType = file.storyboard; name = Base; path = Base.lproj/LaunchScreen.storyboard; sourceTree = "<group>"; };
		F56A830B2469CDC00053495C /* Info.plist */ = {isa = PBXFileReference; lastKnownFileType = text.plist.xml; path = Info.plist; sourceTree = "<group>"; };
		F56A83192469CFD00053495C /* main.viewController.swift */ = {isa = PBXFileReference; lastKnownFileType = sourcecode.swift; path = main.viewController.swift; sourceTree = "<group>"; };
		F56A831B2469CFE80053495C /* game.viewController.swift */ = {isa = PBXFileReference; lastKnownFileType = sourcecode.swift; path = game.viewController.swift; sourceTree = "<group>"; };
		F56A831D2469CFF50053495C /* maker.viewController.swift */ = {isa = PBXFileReference; lastKnownFileType = sourcecode.swift; path = maker.viewController.swift; sourceTree = "<group>"; };
		F56A831F246A07DA0053495C /* touched.jpg */ = {isa = PBXFileReference; lastKnownFileType = image.jpeg; path = touched.jpg; sourceTree = SOURCE_ROOT; };
/* End PBXFileReference section */

/* Begin PBXFrameworksBuildPhase section */
		F56A82F72469CDBD0053495C /* Frameworks */ = {
			isa = PBXFrameworksBuildPhase;
			buildActionMask = 2147483647;
			files = (
			);
			runOnlyForDeploymentPostprocessing = 0;
		};
/* End PBXFrameworksBuildPhase section */

/* Begin PBXGroup section */
		F519C47D2474A84200573A35 /* sound */ = {
			isa = PBXGroup;
			children = (
				F519C47E2474A84200573A35 /* Hedgehog.mp3 */,
				F519C47F2474A84200573A35 /* Cat.mp3 */,
				F519C4802474A84200573A35 /* Dog.mp3 */,
				F519C4812474A84200573A35 /* Rabbit.mp3 */,
			);
			path = sound;
			sourceTree = "<group>";
		};
		F56A82F12469CDBD0053495C = {
			isa = PBXGroup;
			children = (
				F56A82FC2469CDBD0053495C /* What's This? */,
				F56A82FB2469CDBD0053495C /* Products */,
			);
			sourceTree = "<group>";
		};
		F56A82FB2469CDBD0053495C /* Products */ = {
			isa = PBXGroup;
			children = (
				F56A82FA2469CDBD0053495C /* What's This?.app */,
			);
			name = Products;
			sourceTree = "<group>";
		};
		F56A82FC2469CDBD0053495C /* What's This? */ = {
			isa = PBXGroup;
			children = (
				F56A82FD2469CDBD0053495C /* AppDelegate.swift */,
				F56A82FF2469CDBD0053495C /* SceneDelegate.swift */,
				F56A83192469CFD00053495C /* main.viewController.swift */,
				F56A831B2469CFE80053495C /* game.viewController.swift */,
				F56A831D2469CFF50053495C /* maker.viewController.swift */,
				F508090C246B714000F9B155 /* animalinfo.swift */,
				F56A83032469CDBD0053495C /* Main.storyboard */,
				F508090E246B727A00F9B155 /* Animals.xcassets */,
				F508090A246B1E5500F9B155 /* Images.xcassets */,
				F56A83062469CDC00053495C /* Assets.xcassets */,
				F56A831F246A07DA0053495C /* touched.jpg */,
				F56A83082469CDC00053495C /* LaunchScreen.storyboard */,
				F56A830B2469CDC00053495C /* Info.plist */,
				F519C47D2474A84200573A35 /* sound */,
			);
			path = "What's This?";
			sourceTree = "<group>";
		};
/* End PBXGroup section */

/* Begin PBXNativeTarget section */
		F56A82F92469CDBD0053495C /* What's This? */ = {
			isa = PBXNativeTarget;
			buildConfigurationList = F56A830E2469CDC00053495C /* Build configuration list for PBXNativeTarget "What's This?" */;
			buildPhases = (
				F56A82F62469CDBD0053495C /* Sources */,
				F56A82F72469CDBD0053495C /* Frameworks */,
				F56A82F82469CDBD0053495C /* Resources */,
			);
			buildRules = (
			);
			dependencies = (
			);
			name = "What's This?";
			productName = "What's This?";
			productReference = F56A82FA2469CDBD0053495C /* What's This?.app */;
			productType = "com.apple.product-type.application";
		};
/* End PBXNativeTarget section */

/* Begin PBXProject section */
		F56A82F22469CDBD0053495C /* Project object */ = {
			isa = PBXProject;
			attributes = {
				LastSwiftUpdateCheck = 1130;
				LastUpgradeCheck = 1130;
				ORGANIZATIONNAME = "Tae-hee";
				TargetAttributes = {
					F56A82F92469CDBD0053495C = {
						CreatedOnToolsVersion = 11.3.1;
					};
				};
			};
			buildConfigurationList = F56A82F52469CDBD0053495C /* Build configuration list for PBXProject "What's This?" */;
			compatibilityVersion = "Xcode 9.3";
			developmentRegion = en;
			hasScannedForEncodings = 0;
			knownRegions = (
				en,
				Base,
			);
			mainGroup = F56A82F12469CDBD0053495C;
			productRefGroup = F56A82FB2469CDBD0053495C /* Products */;
			projectDirPath = "";
			projectRoot = "";
			targets = (
				F56A82F92469CDBD0053495C /* What's This? */,
			);
		};
/* End PBXProject section */

/* Begin PBXResourcesBuildPhase section */
		F56A82F82469CDBD0053495C /* Resources */ = {
			isa = PBXResourcesBuildPhase;
			buildActionMask = 2147483647;
			files = (
				F508090B246B1E5500F9B155 /* Images.xcassets in Resources */,
				F56A830A2469CDC00053495C /* LaunchScreen.storyboard in Resources */,
				F56A83072469CDC00053495C /* Assets.xcassets in Resources */,
				F519C4822474A84200573A35 /* Hedgehog.mp3 in Resources */,
				F519C4852474A84200573A35 /* Rabbit.mp3 in Resources */,
				F56A8320246A07DA0053495C /* touched.jpg in Resources */,
				F519C4832474A84200573A35 /* Cat.mp3 in Resources */,
				F519C4842474A84200573A35 /* Dog.mp3 in Resources */,
				F56A83052469CDBD0053495C /* Main.storyboard in Resources */,
				F508090F246B727A00F9B155 /* Animals.xcassets in Resources */,
			);
			runOnlyForDeploymentPostprocessing = 0;
		};
/* End PBXResourcesBuildPhase section */

/* Begin PBXSourcesBuildPhase section */
		F56A82F62469CDBD0053495C /* Sources */ = {
			isa = PBXSourcesBuildPhase;
			buildActionMask = 2147483647;
			files = (
				F56A82FE2469CDBD0053495C /* AppDelegate.swift in Sources */,
				F508090D246B714000F9B155 /* animalinfo.swift in Sources */,
				F56A83002469CDBD0053495C /* SceneDelegate.swift in Sources */,
				F56A831E2469CFF50053495C /* maker.viewController.swift in Sources */,
				F56A831A2469CFD00053495C /* main.viewController.swift in Sources */,
				F56A831C2469CFE80053495C /* game.viewController.swift in Sources */,
			);
			runOnlyForDeploymentPostprocessing = 0;
		};
/* End PBXSourcesBuildPhase section */

/* Begin PBXVariantGroup section */
		F56A83032469CDBD0053495C /* Main.storyboard */ = {
			isa = PBXVariantGroup;
			children = (
				F56A83042469CDBD0053495C /* Base */,
			);
			name = Main.storyboard;
			sourceTree = "<group>";
		};
		F56A83082469CDC00053495C /* LaunchScreen.storyboard */ = {
			isa = PBXVariantGroup;
			children = (
				F56A83092469CDC00053495C /* Base */,
			);
			name = LaunchScreen.storyboard;
			sourceTree = "<group>";
		};
/* End PBXVariantGroup section */

/* Begin XCBuildConfiguration section */
		F56A830C2469CDC00053495C /* Debug */ = {
			isa = XCBuildConfiguration;
			buildSettings = {
				ALWAYS_SEARCH_USER_PATHS = NO;
				CLANG_ANALYZER_NONNULL = YES;
				CLANG_ANALYZER_NUMBER_OBJECT_CONVERSION = YES_AGGRESSIVE;
				CLANG_CXX_LANGUAGE_STANDARD = "gnu++14";
				CLANG_CXX_LIBRARY = "libc++";
				CLANG_ENABLE_MODULES = YES;
				CLANG_ENABLE_OBJC_ARC = YES;
				CLANG_ENABLE_OBJC_WEAK = YES;
				CLANG_WARN_BLOCK_CAPTURE_AUTORELEASING = YES;
				CLANG_WARN_BOOL_CONVERSION = YES;
				CLANG_WARN_COMMA = YES;
				CLANG_WARN_CONSTANT_CONVERSION = YES;
				CLANG_WARN_DEPRECATED_OBJC_IMPLEMENTATIONS = YES;
				CLANG_WARN_DIRECT_OBJC_ISA_USAGE = YES_ERROR;
				CLANG_WARN_DOCUMENTATION_COMMENTS = YES;
				CLANG_WARN_EMPTY_BODY = YES;
				CLANG_WARN_ENUM_CONVERSION = YES;
				CLANG_WARN_INFINITE_RECURSION = YES;
				CLANG_WARN_INT_CONVERSION = YES;
				CLANG_WARN_NON_LITERAL_NULL_CONVERSION = YES;
				CLANG_WARN_OBJC_IMPLICIT_RETAIN_SELF = YES;
				CLANG_WARN_OBJC_LITERAL_CONVERSION = YES;
				CLANG_WARN_OBJC_ROOT_CLASS = YES_ERROR;
				CLANG_WARN_RANGE_LOOP_ANALYSIS = YES;
				CLANG_WARN_STRICT_PROTOTYPES = YES;
				CLANG_WARN_SUSPICIOUS_MOVE = YES;
				CLANG_WARN_UNGUARDED_AVAILABILITY = YES_AGGRESSIVE;
				CLANG_WARN_UNREACHABLE_CODE = YES;
				CLANG_WARN__DUPLICATE_METHOD_MATCH = YES;
				COPY_PHASE_STRIP = NO;
				DEBUG_INFORMATION_FORMAT = dwarf;
				ENABLE_STRICT_OBJC_MSGSEND = YES;
				ENABLE_TESTABILITY = YES;
				GCC_C_LANGUAGE_STANDARD = gnu11;
				GCC_DYNAMIC_NO_PIC = NO;
				GCC_NO_COMMON_BLOCKS = YES;
				GCC_OPTIMIZATION_LEVEL = 0;
				GCC_PREPROCESSOR_DEFINITIONS = (
					"DEBUG=1",
					"$(inherited)",
				);
				GCC_WARN_64_TO_32_BIT_CONVERSION = YES;
				GCC_WARN_ABOUT_RETURN_TYPE = YES_ERROR;
				GCC_WARN_UNDECLARED_SELECTOR = YES;
				GCC_WARN_UNINITIALIZED_AUTOS = YES_AGGRESSIVE;
				GCC_WARN_UNUSED_FUNCTION = YES;
				GCC_WARN_UNUSED_VARIABLE = YES;
				IPHONEOS_DEPLOYMENT_TARGET = 13.2;
				MTL_ENABLE_DEBUG_INFO = INCLUDE_SOURCE;
				MTL_FAST_MATH = YES;
				ONLY_ACTIVE_ARCH = YES;
				SDKROOT = iphoneos;
				SWIFT_ACTIVE_COMPILATION_CONDITIONS = DEBUG;
				SWIFT_OPTIMIZATION_LEVEL = "-Onone";
			};
			name = Debug;
		};
		F56A830D2469CDC00053495C /* Release */ = {
			isa = XCBuildConfiguration;
			buildSettings = {
				ALWAYS_SEARCH_USER_PATHS = NO;
				CLANG_ANALYZER_NONNULL = YES;
				CLANG_ANALYZER_NUMBER_OBJECT_CONVERSION = YES_AGGRESSIVE;
				CLANG_CXX_LANGUAGE_STANDARD = "gnu++14";
				CLANG_CXX_LIBRARY = "libc++";
				CLANG_ENABLE_MODULES = YES;
				CLANG_ENABLE_OBJC_ARC = YES;
				CLANG_ENABLE_OBJC_WEAK = YES;
				CLANG_WARN_BLOCK_CAPTURE_AUTORELEASING = YES;
				CLANG_WARN_BOOL_CONVERSION = YES;
				CLANG_WARN_COMMA = YES;
				CLANG_WARN_CONSTANT_CONVERSION = YES;
				CLANG_WARN_DEPRECATED_OBJC_IMPLEMENTATIONS = YES;
				CLANG_WARN_DIRECT_OBJC_ISA_USAGE = YES_ERROR;
				CLANG_WARN_DOCUMENTATION_COMMENTS = YES;
				CLANG_WARN_EMPTY_BODY = YES;
				CLANG_WARN_ENUM_CONVERSION = YES;
				CLANG_WARN_INFINITE_RECURSION = YES;
				CLANG_WARN_INT_CONVERSION = YES;
				CLANG_WARN_NON_LITERAL_NULL_CONVERSION = YES;
				CLANG_WARN_OBJC_IMPLICIT_RETAIN_SELF = YES;
				CLANG_WARN_OBJC_LITERAL_CONVERSION = YES;
				CLANG_WARN_OBJC_ROOT_CLASS = YES_ERROR;
				CLANG_WARN_RANGE_LOOP_ANALYSIS = YES;
				CLANG_WARN_STRICT_PROTOTYPES = YES;
				CLANG_WARN_SUSPICIOUS_MOVE = YES;
				CLANG_WARN_UNGUARDED_AVAILABILITY = YES_AGGRESSIVE;
				CLANG_WARN_UNREACHABLE_CODE = YES;
				CLANG_WARN__DUPLICATE_METHOD_MATCH = YES;
				COPY_PHASE_STRIP = NO;
				DEBUG_INFORMATION_FORMAT = "dwarf-with-dsym";
				ENABLE_NS_ASSERTIONS = NO;
				ENABLE_STRICT_OBJC_MSGSEND = YES;
				GCC_C_LANGUAGE_STANDARD = gnu11;
				GCC_NO_COMMON_BLOCKS = YES;
				GCC_WARN_64_TO_32_BIT_CONVERSION = YES;
				GCC_WARN_ABOUT_RETURN_TYPE = YES_ERROR;
				GCC_WARN_UNDECLARED_SELECTOR = YES;
				GCC_WARN_UNINITIALIZED_AUTOS = YES_AGGRESSIVE;
				GCC_WARN_UNUSED_FUNCTION = YES;
				GCC_WARN_UNUSED_VARIABLE = YES;
				IPHONEOS_DEPLOYMENT_TARGET = 13.2;
				MTL_ENABLE_DEBUG_INFO = NO;
				MTL_FAST_MATH = YES;
				SDKROOT = iphoneos;
				SWIFT_COMPILATION_MODE = wholemodule;
				SWIFT_OPTIMIZATION_LEVEL = "-O";
				VALIDATE_PRODUCT = YES;
			};
			name = Release;
		};
		F56A830F2469CDC00053495C /* Debug */ = {
			isa = XCBuildConfiguration;
			buildSettings = {
				ASSETCATALOG_COMPILER_APPICON_NAME = AppIcon;
				CODE_SIGN_STYLE = Automatic;
				DEVELOPMENT_TEAM = K63GWS3J29;
				INFOPLIST_FILE = "What's This?/Info.plist";
				LD_RUNPATH_SEARCH_PATHS = (
					"$(inherited)",
					"@executable_path/Frameworks",
				);
				PRODUCT_BUNDLE_IDENTIFIER = "com.taehee.What-s-This-";
				PRODUCT_NAME = "$(TARGET_NAME)";
				SWIFT_VERSION = 5.0;
				TARGETED_DEVICE_FAMILY = "1,2";
			};
			name = Debug;
		};
		F56A83102469CDC00053495C /* Release */ = {
			isa = XCBuildConfiguration;
			buildSettings = {
				ASSETCATALOG_COMPILER_APPICON_NAME = AppIcon;
				CODE_SIGN_STYLE = Automatic;
				DEVELOPMENT_TEAM = K63GWS3J29;
				INFOPLIST_FILE = "What's This?/Info.plist";
				LD_RUNPATH_SEARCH_PATHS = (
					"$(inherited)",
					"@executable_path/Frameworks",
				);
				PRODUCT_BUNDLE_IDENTIFIER = "com.taehee.What-s-This-";
				PRODUCT_NAME = "$(TARGET_NAME)";
				SWIFT_VERSION = 5.0;
				TARGETED_DEVICE_FAMILY = "1,2";
			};
			name = Release;
		};
/* End XCBuildConfiguration section */

/* Begin XCConfigurationList section */
		F56A82F52469CDBD0053495C /* Build configuration list for PBXProject "What's This?" */ = {
			isa = XCConfigurationList;
			buildConfigurations = (
				F56A830C2469CDC00053495C /* Debug */,
				F56A830D2469CDC00053495C /* Release */,
			);
			defaultConfigurationIsVisible = 0;
			defaultConfigurationName = Release;
		};
		F56A830E2469CDC00053495C /* Build configuration list for PBXNativeTarget "What's This?" */ = {
			isa = XCConfigurationList;
			buildConfigurations = (
				F56A830F2469CDC00053495C /* Debug */,
				F56A83102469CDC00053495C /* Release */,
			);
			defaultConfigurationIsVisible = 0;
			defaultConfigurationName = Release;
		};
/* End XCConfigurationList section */
	};
	rootObject = F56A82F22469CDBD0053495C /* Project object */;
}
